blinker==1.9.0
certifi==2026.1.4
charset-normalizer==3.4.4
click==8.3.1
colorama==0.4.6
confluent-kafka==2.13.0
dash==3.3.0
duckdb==1.4.3
flask==3.1.2
grpcio==1.76.0
grpcio-tools==1.76.0
idna==3.11
importlib-metadata==8.7.1
itsdangerous==2.2.0
jinja2==3.1.6
llvmlite==0.46.0
markupsafe==3.0.3
narwhals==2.15.0
nest-asyncio==1.6.0
numba==0.63.1
numpy==2.3.5
packaging==25.0
pandas==2.3.3
pillow==12.2.0
pip==25.0.1
plotly==6.5.2
polars==1.37.1
polars-runtime-32==1.37.1
polars-runtime-compat==1.37.1
protobuf==6.33.4
pyarrow==23.0.0
python-dateutil==2.9.0.post0
pytz==2025.2
requests==2.32.5
retrying==1.4.2
setuptools==80.9.0
six==1.17.0
typing-extensions==4.15.0
tzdata==2025.3
urllib3==2.6.3
werkzeug==3.1.5
zipp==3.23.0
